<Solution>
  <Folder Name="/Tools/">
    <Project Path="../Dadpul.Jarvis.Tools.Lights/Dadpul.Jarvis.Tools.Lights.csproj" Id="6b8ea339-8428-4eaa-a190-a688946787c5" />
    <Project Path="../Dadpul.Jarvis.Tools.Memory/Dadpul.Jarvis.Tools.Memory.csproj" Id="4f28d4d4-d82e-49dc-9da7-c75791413fcd" />
  </Folder>
  <Project Path="../Dadpul.Jarvis.Interfaces/Dadpul.Jarvis.Interfaces.csproj" Id="0a998681-0978-444b-bfd1-b83b76dc38a2" />
  <Project Path="Dadpul.Jarvis.Console/Dadpul.Jarvis.Console.csproj" />
</Solution>
